PODS:
  - QRCodeReader (1.0)
  - Runes (2.0.0)

DEPENDENCIES:
  - QRCodeReader (from `https://github.com/ricardopereira/QRCodeReader.git`)
  - Runes

EXTERNAL SOURCES:
  QRCodeReader:
    :git: https://github.com/ricardopereira/QRCodeReader.git

CHECKOUT OPTIONS:
  QRCodeReader:
    :commit: ba68dc7adaaad835bea247568d73d308c43cb847
    :git: https://github.com/ricardopereira/QRCodeReader.git

SPEC CHECKSUMS:
  QRCodeReader: 7c5a73cb0849e888ef8140c1729ca785b5ea8c68
  Runes: 4fe81355f4620b76b02176222d264b33e60dba51

COCOAPODS: 0.37.2
