// !$*UTF8*$!
{
	archiveVersion = 1;
	classes = {
	};
	objectVersion = 46;
	objects = {

/* Begin PBXBuildFile section */
		D7242B4C1AD825F00015BA96 /* SocketIOEvent.swift in Sources */ = {isa = PBXBuildFile; fileRef = D7242B4B1AD825F00015BA96 /* SocketIOEvent.swift */; };
		D7242B501AD8A3D40015BA96 /* SocketIORequester.swift in Sources */ = {isa = PBXBuildFile; fileRef = D7242B4F1AD8A3D40015BA96 /* SocketIORequester.swift */; };
		D7242B531AD95F040015BA96 /* NSURL+TrailingSlash.swift in Sources */ = {isa = PBXBuildFile; fileRef = D7242B521AD95F040015BA96 /* NSURL+TrailingSlash.swift */; };
		D74846331AD45F10005836F9 /* SocketIOTests.swift in Sources */ = {isa = PBXBuildFile; fileRef = D74846321AD45F10005836F9 /* SocketIOTests.swift */; };
		D79540051ACDB4B50031354F /* AppDelegate.swift in Sources */ = {isa = PBXBuildFile; fileRef = D79540041ACDB4B50031354F /* AppDelegate.swift */; };
		D795400C1ACDB4B50031354F /* Images.xcassets in Resources */ = {isa = PBXBuildFile; fileRef = D795400B1ACDB4B50031354F /* Images.xcassets */; };
		D795400F1ACDB4B50031354F /* LaunchScreen.xib in Resources */ = {isa = PBXBuildFile; fileRef = D795400D1ACDB4B50031354F /* LaunchScreen.xib */; };
		D795401B1ACDB4B50031354F /* SmartimeTests.swift in Sources */ = {isa = PBXBuildFile; fileRef = D795401A1ACDB4B50031354F /* SmartimeTests.swift */; };
		D79540251ACDB74E0031354F /* AppSettings.swift in Sources */ = {isa = PBXBuildFile; fileRef = D79540241ACDB74E0031354F /* AppSettings.swift */; };
		D79540281ACDB9F00031354F /* MainViewController.swift in Sources */ = {isa = PBXBuildFile; fileRef = D79540261ACDB9EF0031354F /* MainViewController.swift */; };
		D79540291ACDB9F00031354F /* MainViewController.xib in Resources */ = {isa = PBXBuildFile; fileRef = D79540271ACDB9F00031354F /* MainViewController.xib */; };
		D795404E1ACDC3640031354F /* SocketIO.swift in Sources */ = {isa = PBXBuildFile; fileRef = D79540431ACDC3640031354F /* SocketIO.swift */; };
		D795404F1ACDC3640031354F /* SocketIOCallback.swift in Sources */ = {isa = PBXBuildFile; fileRef = D79540441ACDC3640031354F /* SocketIOCallback.swift */; };
		D79540501ACDC3640031354F /* SocketIOConnection.swift in Sources */ = {isa = PBXBuildFile; fileRef = D79540451ACDC3640031354F /* SocketIOConnection.swift */; };
		D79540511ACDC3640031354F /* SocketIOEventHandler.swift in Sources */ = {isa = PBXBuildFile; fileRef = D79540461ACDC3640031354F /* SocketIOEventHandler.swift */; };
		D79540521ACDC3640031354F /* SocketIOHandshake.swift in Sources */ = {isa = PBXBuildFile; fileRef = D79540471ACDC3640031354F /* SocketIOHandshake.swift */; };
		D79540531ACDC3640031354F /* SocketIOOptions.swift in Sources */ = {isa = PBXBuildFile; fileRef = D79540481ACDC3640031354F /* SocketIOOptions.swift */; };
		D79540541ACDC3640031354F /* SocketIOPacket.swift in Sources */ = {isa = PBXBuildFile; fileRef = D79540491ACDC3640031354F /* SocketIOPacket.swift */; };
		D79540551ACDC3640031354F /* SocketIOParser.swift in Sources */ = {isa = PBXBuildFile; fileRef = D795404A1ACDC3640031354F /* SocketIOParser.swift */; };
		D79540561ACDC3640031354F /* SocketIOTransport.swift in Sources */ = {isa = PBXBuildFile; fileRef = D795404B1ACDC3640031354F /* SocketIOTransport.swift */; };
		D79540571ACDC3640031354F /* SocketIOTransportDelegate.swift in Sources */ = {isa = PBXBuildFile; fileRef = D795404C1ACDC3640031354F /* SocketIOTransportDelegate.swift */; };
		D79540581ACDC3640031354F /* SocketIOWebSocket.swift in Sources */ = {isa = PBXBuildFile; fileRef = D795404D1ACDC3640031354F /* SocketIOWebSocket.swift */; };
		D7B63B281AD6BA8100C06BD8 /* LumaJSON.swift in Sources */ = {isa = PBXBuildFile; fileRef = D7B63B261AD6BA8100C06BD8 /* LumaJSON.swift */; };
		D7B63B291AD6BA8100C06BD8 /* WebSocket.swift in Sources */ = {isa = PBXBuildFile; fileRef = D7B63B271AD6BA8100C06BD8 /* WebSocket.swift */; };
		D7C604A71AE56241004342CE /* SocketIOEmitter.swift in Sources */ = {isa = PBXBuildFile; fileRef = D7C604A61AE56241004342CE /* SocketIOEmitter.swift */; };
/* End PBXBuildFile section */

/* Begin PBXContainerItemProxy section */
		D79540151ACDB4B50031354F /* PBXContainerItemProxy */ = {
			isa = PBXContainerItemProxy;
			containerPortal = D7953FF71ACDB4B40031354F /* Project object */;
			proxyType = 1;
			remoteGlobalIDString = D7953FFE1ACDB4B50031354F;
			remoteInfo = Smartime;
		};
/* End PBXContainerItemProxy section */

/* Begin PBXFileReference section */
		D7242B4B1AD825F00015BA96 /* SocketIOEvent.swift */ = {isa = PBXFileReference; fileEncoding = 4; lastKnownFileType = sourcecode.swift; path = SocketIOEvent.swift; sourceTree = "<group>"; };
		D7242B4F1AD8A3D40015BA96 /* SocketIORequester.swift */ = {isa = PBXFileReference; fileEncoding = 4; lastKnownFileType = sourcecode.swift; path = SocketIORequester.swift; sourceTree = "<group>"; };
		D7242B521AD95F040015BA96 /* NSURL+TrailingSlash.swift */ = {isa = PBXFileReference; fileEncoding = 4; lastKnownFileType = sourcecode.swift; path = "NSURL+TrailingSlash.swift"; sourceTree = "<group>"; };
		D74846321AD45F10005836F9 /* SocketIOTests.swift */ = {isa = PBXFileReference; fileEncoding = 4; lastKnownFileType = sourcecode.swift; path = SocketIOTests.swift; sourceTree = "<group>"; };
		D7953FFF1ACDB4B50031354F /* Smartime.app */ = {isa = PBXFileReference; explicitFileType = wrapper.application; includeInIndex = 0; path = Smartime.app; sourceTree = BUILT_PRODUCTS_DIR; };
		D79540031ACDB4B50031354F /* Info.plist */ = {isa = PBXFileReference; lastKnownFileType = text.plist.xml; path = Info.plist; sourceTree = "<group>"; };
		D79540041ACDB4B50031354F /* AppDelegate.swift */ = {isa = PBXFileReference; lastKnownFileType = sourcecode.swift; path = AppDelegate.swift; sourceTree = "<group>"; };
		D795400B1ACDB4B50031354F /* Images.xcassets */ = {isa = PBXFileReference; lastKnownFileType = folder.assetcatalog; path = Images.xcassets; sourceTree = "<group>"; };
		D795400E1ACDB4B50031354F /* Base */ = {isa = PBXFileReference; lastKnownFileType = file.xib; name = Base; path = Base.lproj/LaunchScreen.xib; sourceTree = "<group>"; };
		D79540141ACDB4B50031354F /* SmartimeTests.xctest */ = {isa = PBXFileReference; explicitFileType = wrapper.cfbundle; includeInIndex = 0; path = SmartimeTests.xctest; sourceTree = BUILT_PRODUCTS_DIR; };
		D79540191ACDB4B50031354F /* Info.plist */ = {isa = PBXFileReference; lastKnownFileType = text.plist.xml; path = Info.plist; sourceTree = "<group>"; };
		D795401A1ACDB4B50031354F /* SmartimeTests.swift */ = {isa = PBXFileReference; lastKnownFileType = sourcecode.swift; path = SmartimeTests.swift; sourceTree = "<group>"; };
		D79540241ACDB74E0031354F /* AppSettings.swift */ = {isa = PBXFileReference; fileEncoding = 4; lastKnownFileType = sourcecode.swift; path = AppSettings.swift; sourceTree = "<group>"; };
		D79540261ACDB9EF0031354F /* MainViewController.swift */ = {isa = PBXFileReference; fileEncoding = 4; lastKnownFileType = sourcecode.swift; path = MainViewController.swift; sourceTree = "<group>"; };
		D79540271ACDB9F00031354F /* MainViewController.xib */ = {isa = PBXFileReference; fileEncoding = 4; lastKnownFileType = file.xib; path = MainViewController.xib; sourceTree = "<group>"; };
		D79540431ACDC3640031354F /* SocketIO.swift */ = {isa = PBXFileReference; fileEncoding = 4; lastKnownFileType = sourcecode.swift; path = SocketIO.swift; sourceTree = "<group>"; };
		D79540441ACDC3640031354F /* SocketIOCallback.swift */ = {isa = PBXFileReference; fileEncoding = 4; lastKnownFileType = sourcecode.swift; path = SocketIOCallback.swift; sourceTree = "<group>"; };
		D79540451ACDC3640031354F /* SocketIOConnection.swift */ = {isa = PBXFileReference; fileEncoding = 4; lastKnownFileType = sourcecode.swift; path = SocketIOConnection.swift; sourceTree = "<group>"; };
		D79540461ACDC3640031354F /* SocketIOEventHandler.swift */ = {isa = PBXFileReference; fileEncoding = 4; lastKnownFileType = sourcecode.swift; path = SocketIOEventHandler.swift; sourceTree = "<group>"; };
		D79540471ACDC3640031354F /* SocketIOHandshake.swift */ = {isa = PBXFileReference; fileEncoding = 4; lastKnownFileType = sourcecode.swift; path = SocketIOHandshake.swift; sourceTree = "<group>"; };
		D79540481ACDC3640031354F /* SocketIOOptions.swift */ = {isa = PBXFileReference; fileEncoding = 4; lastKnownFileType = sourcecode.swift; path = SocketIOOptions.swift; sourceTree = "<group>"; };
		D79540491ACDC3640031354F /* SocketIOPacket.swift */ = {isa = PBXFileReference; fileEncoding = 4; lastKnownFileType = sourcecode.swift; path = SocketIOPacket.swift; sourceTree = "<group>"; };
		D795404A1ACDC3640031354F /* SocketIOParser.swift */ = {isa = PBXFileReference; fileEncoding = 4; lastKnownFileType = sourcecode.swift; path = SocketIOParser.swift; sourceTree = "<group>"; };
		D795404B1ACDC3640031354F /* SocketIOTransport.swift */ = {isa = PBXFileReference; fileEncoding = 4; lastKnownFileType = sourcecode.swift; path = SocketIOTransport.swift; sourceTree = "<group>"; };
		D795404C1ACDC3640031354F /* SocketIOTransportDelegate.swift */ = {isa = PBXFileReference; fileEncoding = 4; lastKnownFileType = sourcecode.swift; path = SocketIOTransportDelegate.swift; sourceTree = "<group>"; };
		D795404D1ACDC3640031354F /* SocketIOWebSocket.swift */ = {isa = PBXFileReference; fileEncoding = 4; lastKnownFileType = sourcecode.swift; path = SocketIOWebSocket.swift; sourceTree = "<group>"; };
		D7B63B261AD6BA8100C06BD8 /* LumaJSON.swift */ = {isa = PBXFileReference; fileEncoding = 4; lastKnownFileType = sourcecode.swift; path = LumaJSON.swift; sourceTree = "<group>"; };
		D7B63B271AD6BA8100C06BD8 /* WebSocket.swift */ = {isa = PBXFileReference; fileEncoding = 4; lastKnownFileType = sourcecode.swift; path = WebSocket.swift; sourceTree = "<group>"; };
		D7C604A61AE56241004342CE /* SocketIOEmitter.swift */ = {isa = PBXFileReference; fileEncoding = 4; lastKnownFileType = sourcecode.swift; path = SocketIOEmitter.swift; sourceTree = "<group>"; };
/* End PBXFileReference section */

/* Begin PBXFrameworksBuildPhase section */
		D7953FFC1ACDB4B50031354F /* Frameworks */ = {
			isa = PBXFrameworksBuildPhase;
			buildActionMask = 2147483647;
			files = (
			);
			runOnlyForDeploymentPostprocessing = 0;
		};
		D79540111ACDB4B50031354F /* Frameworks */ = {
			isa = PBXFrameworksBuildPhase;
			buildActionMask = 2147483647;
			files = (
			);
			runOnlyForDeploymentPostprocessing = 0;
		};
/* End PBXFrameworksBuildPhase section */

/* Begin PBXGroup section */
		D7242B511AD95F040015BA96 /* Extensions */ = {
			isa = PBXGroup;
			children = (
				D7242B521AD95F040015BA96 /* NSURL+TrailingSlash.swift */,
			);
			path = Extensions;
			sourceTree = "<group>";
		};
		D7953FF61ACDB4B40031354F = {
			isa = PBXGroup;
			children = (
				D79540011ACDB4B50031354F /* Smartime */,
				D79540171ACDB4B50031354F /* SmartimeTests */,
				D79540001ACDB4B50031354F /* Products */,
				D79540411ACDC3420031354F /* Components */,
			);
			sourceTree = "<group>";
		};
		D79540001ACDB4B50031354F /* Products */ = {
			isa = PBXGroup;
			children = (
				D7953FFF1ACDB4B50031354F /* Smartime.app */,
				D79540141ACDB4B50031354F /* SmartimeTests.xctest */,
			);
			name = Products;
			sourceTree = "<group>";
		};
		D79540011ACDB4B50031354F /* Smartime */ = {
			isa = PBXGroup;
			children = (
				D79540041ACDB4B50031354F /* AppDelegate.swift */,
				D79540241ACDB74E0031354F /* AppSettings.swift */,
				D79540261ACDB9EF0031354F /* MainViewController.swift */,
				D79540271ACDB9F00031354F /* MainViewController.xib */,
				D795400B1ACDB4B50031354F /* Images.xcassets */,
				D795400D1ACDB4B50031354F /* LaunchScreen.xib */,
				D79540021ACDB4B50031354F /* Supporting Files */,
			);
			path = Smartime;
			sourceTree = "<group>";
		};
		D79540021ACDB4B50031354F /* Supporting Files */ = {
			isa = PBXGroup;
			children = (
				D79540031ACDB4B50031354F /* Info.plist */,
			);
			name = "Supporting Files";
			sourceTree = "<group>";
		};
		D79540171ACDB4B50031354F /* SmartimeTests */ = {
			isa = PBXGroup;
			children = (
				D795401A1ACDB4B50031354F /* SmartimeTests.swift */,
				D74846321AD45F10005836F9 /* SocketIOTests.swift */,
				D79540181ACDB4B50031354F /* Supporting Files */,
			);
			path = SmartimeTests;
			sourceTree = "<group>";
		};
		D79540181ACDB4B50031354F /* Supporting Files */ = {
			isa = PBXGroup;
			children = (
				D79540191ACDB4B50031354F /* Info.plist */,
			);
			name = "Supporting Files";
			sourceTree = "<group>";
		};
		D79540411ACDC3420031354F /* Components */ = {
			isa = PBXGroup;
			children = (
				D79540421ACDC3640031354F /* SocketIO-Kit */,
			);
			name = Components;
			sourceTree = "<group>";
		};
		D79540421ACDC3640031354F /* SocketIO-Kit */ = {
			isa = PBXGroup;
			children = (
				D79540431ACDC3640031354F /* SocketIO.swift */,
				D79540441ACDC3640031354F /* SocketIOCallback.swift */,
				D79540451ACDC3640031354F /* SocketIOConnection.swift */,
				D7242B4F1AD8A3D40015BA96 /* SocketIORequester.swift */,
				D7C604A61AE56241004342CE /* SocketIOEmitter.swift */,
				D7242B4B1AD825F00015BA96 /* SocketIOEvent.swift */,
				D79540461ACDC3640031354F /* SocketIOEventHandler.swift */,
				D79540471ACDC3640031354F /* SocketIOHandshake.swift */,
				D79540481ACDC3640031354F /* SocketIOOptions.swift */,
				D79540491ACDC3640031354F /* SocketIOPacket.swift */,
				D795404A1ACDC3640031354F /* SocketIOParser.swift */,
				D795404B1ACDC3640031354F /* SocketIOTransport.swift */,
				D795404C1ACDC3640031354F /* SocketIOTransportDelegate.swift */,
				D795404D1ACDC3640031354F /* SocketIOWebSocket.swift */,
				D7242B511AD95F040015BA96 /* Extensions */,
				D7B63B251AD6BA8100C06BD8 /* External */,
			);
			name = "SocketIO-Kit";
			path = "Components/SocketIO-Kit/Source";
			sourceTree = "<group>";
		};
		D7B63B251AD6BA8100C06BD8 /* External */ = {
			isa = PBXGroup;
			children = (
				D7B63B261AD6BA8100C06BD8 /* LumaJSON.swift */,
				D7B63B271AD6BA8100C06BD8 /* WebSocket.swift */,
			);
			path = External;
			sourceTree = "<group>";
		};
/* End PBXGroup section */

/* Begin PBXNativeTarget section */
		D7953FFE1ACDB4B50031354F /* Smartime */ = {
			isa = PBXNativeTarget;
			buildConfigurationList = D795401E1ACDB4B50031354F /* Build configuration list for PBXNativeTarget "Smartime" */;
			buildPhases = (
				D7953FFB1ACDB4B50031354F /* Sources */,
				D7953FFC1ACDB4B50031354F /* Frameworks */,
				D7953FFD1ACDB4B50031354F /* Resources */,
			);
			buildRules = (
			);
			dependencies = (
			);
			name = Smartime;
			productName = Smartime;
			productReference = D7953FFF1ACDB4B50031354F /* Smartime.app */;
			productType = "com.apple.product-type.application";
		};
		D79540131ACDB4B50031354F /* SmartimeTests */ = {
			isa = PBXNativeTarget;
			buildConfigurationList = D79540211ACDB4B50031354F /* Build configuration list for PBXNativeTarget "SmartimeTests" */;
			buildPhases = (
				D79540101ACDB4B50031354F /* Sources */,
				D79540111ACDB4B50031354F /* Frameworks */,
				D79540121ACDB4B50031354F /* Resources */,
			);
			buildRules = (
			);
			dependencies = (
				D79540161ACDB4B50031354F /* PBXTargetDependency */,
			);
			name = SmartimeTests;
			productName = SmartimeTests;
			productReference = D79540141ACDB4B50031354F /* SmartimeTests.xctest */;
			productType = "com.apple.product-type.bundle.unit-test";
		};
/* End PBXNativeTarget section */

/* Begin PBXProject section */
		D7953FF71ACDB4B40031354F /* Project object */ = {
			isa = PBXProject;
			attributes = {
				LastUpgradeCheck = 0630;
				ORGANIZATIONNAME = "Ricardo Pereira";
				TargetAttributes = {
					D7953FFE1ACDB4B50031354F = {
						CreatedOnToolsVersion = 6.3;
					};
					D79540131ACDB4B50031354F = {
						CreatedOnToolsVersion = 6.3;
						TestTargetID = D7953FFE1ACDB4B50031354F;
					};
				};
			};
			buildConfigurationList = D7953FFA1ACDB4B40031354F /* Build configuration list for PBXProject "Smartime" */;
			compatibilityVersion = "Xcode 3.2";
			developmentRegion = English;
			hasScannedForEncodings = 0;
			knownRegions = (
				en,
				Base,
			);
			mainGroup = D7953FF61ACDB4B40031354F;
			productRefGroup = D79540001ACDB4B50031354F /* Products */;
			projectDirPath = "";
			projectRoot = "";
			targets = (
				D7953FFE1ACDB4B50031354F /* Smartime */,
				D79540131ACDB4B50031354F /* SmartimeTests */,
			);
		};
/* End PBXProject section */

/* Begin PBXResourcesBuildPhase section */
		D7953FFD1ACDB4B50031354F /* Resources */ = {
			isa = PBXResourcesBuildPhase;
			buildActionMask = 2147483647;
			files = (
				D795400F1ACDB4B50031354F /* LaunchScreen.xib in Resources */,
				D79540291ACDB9F00031354F /* MainViewController.xib in Resources */,
				D795400C1ACDB4B50031354F /* Images.xcassets in Resources */,
			);
			runOnlyForDeploymentPostprocessing = 0;
		};
		D79540121ACDB4B50031354F /* Resources */ = {
			isa = PBXResourcesBuildPhase;
			buildActionMask = 2147483647;
			files = (
			);
			runOnlyForDeploymentPostprocessing = 0;
		};
/* End PBXResourcesBuildPhase section */

/* Begin PBXSourcesBuildPhase section */
		D7953FFB1ACDB4B50031354F /* Sources */ = {
			isa = PBXSourcesBuildPhase;
			buildActionMask = 2147483647;
			files = (
				D79540561ACDC3640031354F /* SocketIOTransport.swift in Sources */,
				D79540531ACDC3640031354F /* SocketIOOptions.swift in Sources */,
				D7B63B281AD6BA8100C06BD8 /* LumaJSON.swift in Sources */,
				D7B63B291AD6BA8100C06BD8 /* WebSocket.swift in Sources */,
				D79540281ACDB9F00031354F /* MainViewController.swift in Sources */,
				D79540541ACDC3640031354F /* SocketIOPacket.swift in Sources */,
				D79540251ACDB74E0031354F /* AppSettings.swift in Sources */,
				D7242B501AD8A3D40015BA96 /* SocketIORequester.swift in Sources */,
				D79540521ACDC3640031354F /* SocketIOHandshake.swift in Sources */,
				D7242B531AD95F040015BA96 /* NSURL+TrailingSlash.swift in Sources */,
				D79540501ACDC3640031354F /* SocketIOConnection.swift in Sources */,
				D79540511ACDC3640031354F /* SocketIOEventHandler.swift in Sources */,
				D79540581ACDC3640031354F /* SocketIOWebSocket.swift in Sources */,
				D7242B4C1AD825F00015BA96 /* SocketIOEvent.swift in Sources */,
				D795404F1ACDC3640031354F /* SocketIOCallback.swift in Sources */,
				D79540551ACDC3640031354F /* SocketIOParser.swift in Sources */,
				D795404E1ACDC3640031354F /* SocketIO.swift in Sources */,
				D7C604A71AE56241004342CE /* SocketIOEmitter.swift in Sources */,
				D79540571ACDC3640031354F /* SocketIOTransportDelegate.swift in Sources */,
				D79540051ACDB4B50031354F /* AppDelegate.swift in Sources */,
			);
			runOnlyForDeploymentPostprocessing = 0;
		};
		D79540101ACDB4B50031354F /* Sources */ = {
			isa = PBXSourcesBuildPhase;
			buildActionMask = 2147483647;
			files = (
				D74846331AD45F10005836F9 /* SocketIOTests.swift in Sources */,
				D795401B1ACDB4B50031354F /* SmartimeTests.swift in Sources */,
			);
			runOnlyForDeploymentPostprocessing = 0;
		};
/* End PBXSourcesBuildPhase section */

/* Begin PBXTargetDependency section */
		D79540161ACDB4B50031354F /* PBXTargetDependency */ = {
			isa = PBXTargetDependency;
			target = D7953FFE1ACDB4B50031354F /* Smartime */;
			targetProxy = D79540151ACDB4B50031354F /* PBXContainerItemProxy */;
		};
/* End PBXTargetDependency section */

/* Begin PBXVariantGroup section */
		D795400D1ACDB4B50031354F /* LaunchScreen.xib */ = {
			isa = PBXVariantGroup;
			children = (
				D795400E1ACDB4B50031354F /* Base */,
			);
			name = LaunchScreen.xib;
			sourceTree = "<group>";
		};
/* End PBXVariantGroup section */

/* Begin XCBuildConfiguration section */
		D795401C1ACDB4B50031354F /* Debug */ = {
			isa = XCBuildConfiguration;
			buildSettings = {
				ALWAYS_SEARCH_USER_PATHS = NO;
				CLANG_CXX_LANGUAGE_STANDARD = "gnu++0x";
				CLANG_CXX_LIBRARY = "libc++";
				CLANG_ENABLE_MODULES = YES;
				CLANG_ENABLE_OBJC_ARC = YES;
				CLANG_WARN_BOOL_CONVERSION = YES;
				CLANG_WARN_CONSTANT_CONVERSION = YES;
				CLANG_WARN_DIRECT_OBJC_ISA_USAGE = YES_ERROR;
				CLANG_WARN_EMPTY_BODY = YES;
				CLANG_WARN_ENUM_CONVERSION = YES;
				CLANG_WARN_INT_CONVERSION = YES;
				CLANG_WARN_OBJC_ROOT_CLASS = YES_ERROR;
				CLANG_WARN_UNREACHABLE_CODE = YES;
				CLANG_WARN__DUPLICATE_METHOD_MATCH = YES;
				"CODE_SIGN_IDENTITY[sdk=iphoneos*]" = "iPhone Developer";
				COPY_PHASE_STRIP = NO;
				DEBUG_INFORMATION_FORMAT = dwarf;
				ENABLE_STRICT_OBJC_MSGSEND = YES;
				GCC_C_LANGUAGE_STANDARD = gnu99;
				GCC_DYNAMIC_NO_PIC = NO;
				GCC_OPTIMIZATION_LEVEL = 0;
				GCC_PREPROCESSOR_DEFINITIONS = (
					"DEBUG=1",
					"$(inherited)",
				);
				GCC_SYMBOLS_PRIVATE_EXTERN = NO;
				GCC_WARN_64_TO_32_BIT_CONVERSION = YES;
				GCC_WARN_ABOUT_RETURN_TYPE = YES_ERROR;
				GCC_WARN_UNDECLARED_SELECTOR = YES;
				GCC_WARN_UNINITIALIZED_AUTOS = YES_AGGRESSIVE;
				GCC_WARN_UNUSED_FUNCTION = YES;
				GCC_WARN_UNUSED_VARIABLE = YES;
				IPHONEOS_DEPLOYMENT_TARGET = 8.3;
				MTL_ENABLE_DEBUG_INFO = YES;
				ONLY_ACTIVE_ARCH = YES;
				SDKROOT = iphoneos;
				SWIFT_OPTIMIZATION_LEVEL = "-Onone";
			};
			name = Debug;
		};
		D795401D1ACDB4B50031354F /* Release */ = {
			isa = XCBuildConfiguration;
			buildSettings = {
				ALWAYS_SEARCH_USER_PATHS = NO;
				CLANG_CXX_LANGUAGE_STANDARD = "gnu++0x";
				CLANG_CXX_LIBRARY = "libc++";
				CLANG_ENABLE_MODULES = YES;
				CLANG_ENABLE_OBJC_ARC = YES;
				CLANG_WARN_BOOL_CONVERSION = YES;
				CLANG_WARN_CONSTANT_CONVERSION = YES;
				CLANG_WARN_DIRECT_OBJC_ISA_USAGE = YES_ERROR;
				CLANG_WARN_EMPTY_BODY = YES;
				CLANG_WARN_ENUM_CONVERSION = YES;
				CLANG_WARN_INT_CONVERSION = YES;
				CLANG_WARN_OBJC_ROOT_CLASS = YES_ERROR;
				CLANG_WARN_UNREACHABLE_CODE = YES;
				CLANG_WARN__DUPLICATE_METHOD_MATCH = YES;
				"CODE_SIGN_IDENTITY[sdk=iphoneos*]" = "iPhone Developer";
				COPY_PHASE_STRIP = NO;
				DEBUG_INFORMATION_FORMAT = "dwarf-with-dsym";
				ENABLE_NS_ASSERTIONS = NO;
				ENABLE_STRICT_OBJC_MSGSEND = YES;
				GCC_C_LANGUAGE_STANDARD = gnu99;
				GCC_WARN_64_TO_32_BIT_CONVERSION = YES;
				GCC_WARN_ABOUT_RETURN_TYPE = YES_ERROR;
				GCC_WARN_UNDECLARED_SELECTOR = YES;
				GCC_WARN_UNINITIALIZED_AUTOS = YES_AGGRESSIVE;
				GCC_WARN_UNUSED_FUNCTION = YES;
				GCC_WARN_UNUSED_VARIABLE = YES;
				IPHONEOS_DEPLOYMENT_TARGET = 8.3;
				MTL_ENABLE_DEBUG_INFO = NO;
				SDKROOT = iphoneos;
				VALIDATE_PRODUCT = YES;
			};
			name = Release;
		};
		D795401F1ACDB4B50031354F /* Debug */ = {
			isa = XCBuildConfiguration;
			buildSettings = {
				ASSETCATALOG_COMPILER_APPICON_NAME = AppIcon;
				INFOPLIST_FILE = Smartime/Info.plist;
				LD_RUNPATH_SEARCH_PATHS = "$(inherited) @executable_path/Frameworks";
				"OTHER_SWIFT_FLAGS[arch=*]" = "-D DEBUG";
				PRODUCT_NAME = "$(TARGET_NAME)";
			};
			name = Debug;
		};
		D79540201ACDB4B50031354F /* Release */ = {
			isa = XCBuildConfiguration;
			buildSettings = {
				ASSETCATALOG_COMPILER_APPICON_NAME = AppIcon;
				INFOPLIST_FILE = Smartime/Info.plist;
				LD_RUNPATH_SEARCH_PATHS = "$(inherited) @executable_path/Frameworks";
				PRODUCT_NAME = "$(TARGET_NAME)";
			};
			name = Release;
		};
		D79540221ACDB4B50031354F /* Debug */ = {
			isa = XCBuildConfiguration;
			buildSettings = {
				BUNDLE_LOADER = "$(TEST_HOST)";
				FRAMEWORK_SEARCH_PATHS = (
					"$(SDKROOT)/Developer/Library/Frameworks",
					"$(inherited)",
				);
				GCC_PREPROCESSOR_DEFINITIONS = (
					"DEBUG=1",
					"$(inherited)",
				);
				INFOPLIST_FILE = SmartimeTests/Info.plist;
				LD_RUNPATH_SEARCH_PATHS = "$(inherited) @executable_path/Frameworks @loader_path/Frameworks";
				PRODUCT_NAME = "$(TARGET_NAME)";
				TEST_HOST = "$(BUILT_PRODUCTS_DIR)/Smartime.app/Smartime";
			};
			name = Debug;
		};
		D79540231ACDB4B50031354F /* Release */ = {
			isa = XCBuildConfiguration;
			buildSettings = {
				BUNDLE_LOADER = "$(TEST_HOST)";
				FRAMEWORK_SEARCH_PATHS = (
					"$(SDKROOT)/Developer/Library/Frameworks",
					"$(inherited)",
				);
				INFOPLIST_FILE = SmartimeTests/Info.plist;
				LD_RUNPATH_SEARCH_PATHS = "$(inherited) @executable_path/Frameworks @loader_path/Frameworks";
				PRODUCT_NAME = "$(TARGET_NAME)";
				TEST_HOST = "$(BUILT_PRODUCTS_DIR)/Smartime.app/Smartime";
			};
			name = Release;
		};
/* End XCBuildConfiguration section */

/* Begin XCConfigurationList section */
		D7953FFA1ACDB4B40031354F /* Build configuration list for PBXProject "Smartime" */ = {
			isa = XCConfigurationList;
			buildConfigurations = (
				D795401C1ACDB4B50031354F /* Debug */,
				D795401D1ACDB4B50031354F /* Release */,
			);
			defaultConfigurationIsVisible = 0;
			defaultConfigurationName = Release;
		};
		D795401E1ACDB4B50031354F /* Build configuration list for PBXNativeTarget "Smartime" */ = {
			isa = XCConfigurationList;
			buildConfigurations = (
				D795401F1ACDB4B50031354F /* Debug */,
				D79540201ACDB4B50031354F /* Release */,
			);
			defaultConfigurationIsVisible = 0;
			defaultConfigurationName = Release;
		};
		D79540211ACDB4B50031354F /* Build configuration list for PBXNativeTarget "SmartimeTests" */ = {
			isa = XCConfigurationList;
			buildConfigurations = (
				D79540221ACDB4B50031354F /* Debug */,
				D79540231ACDB4B50031354F /* Release */,
			);
			defaultConfigurationIsVisible = 0;
			defaultConfigurationName = Release;
		};
/* End XCConfigurationList section */
	};
	rootObject = D7953FF71ACDB4B40031354F /* Project object */;
}
