// !$*UTF8*$!
{
	archiveVersion = 1;
	classes = {
	};
	objectVersion = 46;
	objects = {

/* Begin PBXBuildFile section */
		41DF314FC830DC420A089E06 /* Pods.framework in Frameworks */ = {isa = PBXBuildFile; fileRef = 49170C4ED90C3D4636821898 /* Pods.framework */; settings = {ATTRIBUTES = (Weak, ); }; };
		D7242B4C1AD825F00015BA96 /* SocketIOEvent.swift in Sources */ = {isa = PBXBuildFile; fileRef = D7242B4B1AD825F00015BA96 /* SocketIOEvent.swift */; };
		D7242B501AD8A3D40015BA96 /* SocketIORequester.swift in Sources */ = {isa = PBXBuildFile; fileRef = D7242B4F1AD8A3D40015BA96 /* SocketIORequester.swift */; };
		D7242B531AD95F040015BA96 /* NSURL+TrailingSlash.swift in Sources */ = {isa = PBXBuildFile; fileRef = D7242B521AD95F040015BA96 /* NSURL+TrailingSlash.swift */; };
		D72A4F2A1B03CCB100B571EB /* ReactiveCocoa.framework in Frameworks */ = {isa = PBXBuildFile; fileRef = D72A4F291B03CCB100B571EB /* ReactiveCocoa.framework */; };
		D72A4F2B1B03CCBD00B571EB /* ReactiveCocoa.framework in CopyFiles */ = {isa = PBXBuildFile; fileRef = D72A4F291B03CCB100B571EB /* ReactiveCocoa.framework */; settings = {ATTRIBUTES = (CodeSignOnCopy, RemoveHeadersOnCopy, ); }; };
		D72A4F301B03D5CB00B571EB /* Box.framework in Frameworks */ = {isa = PBXBuildFile; fileRef = D72A4F2D1B03D5CB00B571EB /* Box.framework */; };
		D72A4F311B03D5CB00B571EB /* Result.framework in Frameworks */ = {isa = PBXBuildFile; fileRef = D72A4F2F1B03D5CB00B571EB /* Result.framework */; };
		D72A4F321B03D5EE00B571EB /* Box.framework in CopyFiles */ = {isa = PBXBuildFile; fileRef = D72A4F2D1B03D5CB00B571EB /* Box.framework */; settings = {ATTRIBUTES = (CodeSignOnCopy, RemoveHeadersOnCopy, ); }; };
		D72A4F331B03D5F400B571EB /* Result.framework in CopyFiles */ = {isa = PBXBuildFile; fileRef = D72A4F2F1B03D5CB00B571EB /* Result.framework */; settings = {ATTRIBUTES = (CodeSignOnCopy, RemoveHeadersOnCopy, ); }; };
		D72CEECD1AF4FCA800D86C38 /* SocketIOPayload.swift in Sources */ = {isa = PBXBuildFile; fileRef = D72CEECC1AF4FCA800D86C38 /* SocketIOPayload.swift */; };
		D72CEECF1AF5059100D86C38 /* SocketIOJSON.swift in Sources */ = {isa = PBXBuildFile; fileRef = D72CEECE1AF5059100D86C38 /* SocketIOJSON.swift */; };
		D72CEED11AF5163C00D86C38 /* SocketIOJSONHandshake.swift in Sources */ = {isa = PBXBuildFile; fileRef = D72CEED01AF5163C00D86C38 /* SocketIOJSONHandshake.swift */; };
		D74484381B1FF35C00E64B39 /* Slider.storyboard in Resources */ = {isa = PBXBuildFile; fileRef = D74484371B1FF35C00E64B39 /* Slider.storyboard */; };
		D74484411B204C3F00E64B39 /* TicketsViewController.swift in Sources */ = {isa = PBXBuildFile; fileRef = D74484401B204C3F00E64B39 /* TicketsViewController.swift */; };
		D74484431B204C4A00E64B39 /* StatusViewController.swift in Sources */ = {isa = PBXBuildFile; fileRef = D74484421B204C4A00E64B39 /* StatusViewController.swift */; };
		D74846331AD45F10005836F9 /* SocketIOTests.swift in Sources */ = {isa = PBXBuildFile; fileRef = D74846321AD45F10005836F9 /* SocketIOTests.swift */; };
		D74CDE251AFB9A18006CF7FE /* SocketIOReceiver.swift in Sources */ = {isa = PBXBuildFile; fileRef = D74CDE241AFB9A18006CF7FE /* SocketIOReceiver.swift */; };
		D769DA291B02A68B00606FB4 /* SocketIOObject.swift in Sources */ = {isa = PBXBuildFile; fileRef = D769DA281B02A68B00606FB4 /* SocketIOObject.swift */; };
		D7904CB01B15C01F00FF50D1 /* SocketIOUtilities.swift in Sources */ = {isa = PBXBuildFile; fileRef = D7904CAF1B15C01F00FF50D1 /* SocketIOUtilities.swift */; };
		D7904CB21B15C02C00FF50D1 /* Security.swift in Sources */ = {isa = PBXBuildFile; fileRef = D7904CB11B15C02C00FF50D1 /* Security.swift */; };
		D7949F001B0891E1001F84F8 /* SocketIONamespace.swift in Sources */ = {isa = PBXBuildFile; fileRef = D7949EFF1B0891E1001F84F8 /* SocketIONamespace.swift */; };
		D79540051ACDB4B50031354F /* AppDelegate.swift in Sources */ = {isa = PBXBuildFile; fileRef = D79540041ACDB4B50031354F /* AppDelegate.swift */; };
		D795400C1ACDB4B50031354F /* Images.xcassets in Resources */ = {isa = PBXBuildFile; fileRef = D795400B1ACDB4B50031354F /* Images.xcassets */; };
		D795401B1ACDB4B50031354F /* SmartimeTests.swift in Sources */ = {isa = PBXBuildFile; fileRef = D795401A1ACDB4B50031354F /* SmartimeTests.swift */; };
		D79540251ACDB74E0031354F /* AppSettings.swift in Sources */ = {isa = PBXBuildFile; fileRef = D79540241ACDB74E0031354F /* AppSettings.swift */; };
		D79540281ACDB9F00031354F /* MainViewController.swift in Sources */ = {isa = PBXBuildFile; fileRef = D79540261ACDB9EF0031354F /* MainViewController.swift */; };
		D795404E1ACDC3640031354F /* SocketIO.swift in Sources */ = {isa = PBXBuildFile; fileRef = D79540431ACDC3640031354F /* SocketIO.swift */; };
		D795404F1ACDC3640031354F /* SocketIOCallback.swift in Sources */ = {isa = PBXBuildFile; fileRef = D79540441ACDC3640031354F /* SocketIOCallback.swift */; };
		D79540501ACDC3640031354F /* SocketIOConnection.swift in Sources */ = {isa = PBXBuildFile; fileRef = D79540451ACDC3640031354F /* SocketIOConnection.swift */; };
		D79540511ACDC3640031354F /* SocketIOEventHandler.swift in Sources */ = {isa = PBXBuildFile; fileRef = D79540461ACDC3640031354F /* SocketIOEventHandler.swift */; };
		D79540521ACDC3640031354F /* SocketIOHandshake.swift in Sources */ = {isa = PBXBuildFile; fileRef = D79540471ACDC3640031354F /* SocketIOHandshake.swift */; };
		D79540531ACDC3640031354F /* SocketIOOptions.swift in Sources */ = {isa = PBXBuildFile; fileRef = D79540481ACDC3640031354F /* SocketIOOptions.swift */; };
		D79540541ACDC3640031354F /* SocketIOPacket.swift in Sources */ = {isa = PBXBuildFile; fileRef = D79540491ACDC3640031354F /* SocketIOPacket.swift */; };
		D79540561ACDC3640031354F /* SocketIOTransport.swift in Sources */ = {isa = PBXBuildFile; fileRef = D795404B1ACDC3640031354F /* SocketIOTransport.swift */; };
		D79540571ACDC3640031354F /* SocketIOTransportDelegate.swift in Sources */ = {isa = PBXBuildFile; fileRef = D795404C1ACDC3640031354F /* SocketIOTransportDelegate.swift */; };
		D79540581ACDC3640031354F /* SocketIOWebSocket.swift in Sources */ = {isa = PBXBuildFile; fileRef = D795404D1ACDC3640031354F /* SocketIOWebSocket.swift */; };
		D7A8540C1AF6258B0043AC4E /* SocketIOError.swift in Sources */ = {isa = PBXBuildFile; fileRef = D7A8540B1AF6258B0043AC4E /* SocketIOError.swift */; };
		D7B63B281AD6BA8100C06BD8 /* LumaJSON.swift in Sources */ = {isa = PBXBuildFile; fileRef = D7B63B261AD6BA8100C06BD8 /* LumaJSON.swift */; };
		D7B63B291AD6BA8100C06BD8 /* WebSocket.swift in Sources */ = {isa = PBXBuildFile; fileRef = D7B63B271AD6BA8100C06BD8 /* WebSocket.swift */; };
		D7C604A71AE56241004342CE /* SocketIOEmitter.swift in Sources */ = {isa = PBXBuildFile; fileRef = D7C604A61AE56241004342CE /* SocketIOEmitter.swift */; };
		D7EFA9091AFE766D00623A16 /* FLXView.framework in Frameworks */ = {isa = PBXBuildFile; fileRef = D7EFA9081AFE766D00623A16 /* FLXView.framework */; };
		D7EFA90B1AFE795600623A16 /* FLXView.framework in CopyFiles */ = {isa = PBXBuildFile; fileRef = D7EFA9081AFE766D00623A16 /* FLXView.framework */; settings = {ATTRIBUTES = (CodeSignOnCopy, RemoveHeadersOnCopy, ); }; };
		D7F906401B20AF0700C96D7E /* TicketViewCell.swift in Sources */ = {isa = PBXBuildFile; fileRef = D7F9063E1B20AF0700C96D7E /* TicketViewCell.swift */; };
		D7F906411B20AF0700C96D7E /* TicketViewCell.xib in Resources */ = {isa = PBXBuildFile; fileRef = D7F9063F1B20AF0700C96D7E /* TicketViewCell.xib */; };
		D7F906431B20BC4A00C96D7E /* UIColor+Hex.swift in Sources */ = {isa = PBXBuildFile; fileRef = D7F906421B20BC4A00C96D7E /* UIColor+Hex.swift */; };
		D7FDABFB1B1F0D8000E8BF2F /* PageViewController.swift in Sources */ = {isa = PBXBuildFile; fileRef = D7FDABF91B1F0D8000E8BF2F /* PageViewController.swift */; };
		D7FDABFC1B1F0D8000E8BF2F /* SlideViewController.swift in Sources */ = {isa = PBXBuildFile; fileRef = D7FDABFA1B1F0D8000E8BF2F /* SlideViewController.swift */; };
/* End PBXBuildFile section */

/* Begin PBXContainerItemProxy section */
		D79540151ACDB4B50031354F /* PBXContainerItemProxy */ = {
			isa = PBXContainerItemProxy;
			containerPortal = D7953FF71ACDB4B40031354F /* Project object */;
			proxyType = 1;
			remoteGlobalIDString = D7953FFE1ACDB4B50031354F;
			remoteInfo = Smartime;
		};
/* End PBXContainerItemProxy section */

/* Begin PBXCopyFilesBuildPhase section */
		D7EFA90A1AFE794C00623A16 /* CopyFiles */ = {
			isa = PBXCopyFilesBuildPhase;
			buildActionMask = 2147483647;
			dstPath = "";
			dstSubfolderSpec = 10;
			files = (
				D72A4F331B03D5F400B571EB /* Result.framework in CopyFiles */,
				D72A4F321B03D5EE00B571EB /* Box.framework in CopyFiles */,
				D72A4F2B1B03CCBD00B571EB /* ReactiveCocoa.framework in CopyFiles */,
				D7EFA90B1AFE795600623A16 /* FLXView.framework in CopyFiles */,
			);
			runOnlyForDeploymentPostprocessing = 0;
		};
/* End PBXCopyFilesBuildPhase section */

/* Begin PBXFileReference section */
		49170C4ED90C3D4636821898 /* Pods.framework */ = {isa = PBXFileReference; explicitFileType = wrapper.framework; includeInIndex = 0; path = Pods.framework; sourceTree = BUILT_PRODUCTS_DIR; };
		76771A09F1A25955CE67F59B /* Pods.debug.xcconfig */ = {isa = PBXFileReference; includeInIndex = 1; lastKnownFileType = text.xcconfig; name = Pods.debug.xcconfig; path = "Pods/Target Support Files/Pods/Pods.debug.xcconfig"; sourceTree = "<group>"; };
		D2257D97EC160B10468A01A6 /* Pods.release.xcconfig */ = {isa = PBXFileReference; includeInIndex = 1; lastKnownFileType = text.xcconfig; name = Pods.release.xcconfig; path = "Pods/Target Support Files/Pods/Pods.release.xcconfig"; sourceTree = "<group>"; };
		D7242B4B1AD825F00015BA96 /* SocketIOEvent.swift */ = {isa = PBXFileReference; fileEncoding = 4; lastKnownFileType = sourcecode.swift; path = SocketIOEvent.swift; sourceTree = "<group>"; };
		D7242B4F1AD8A3D40015BA96 /* SocketIORequester.swift */ = {isa = PBXFileReference; fileEncoding = 4; lastKnownFileType = sourcecode.swift; path = SocketIORequester.swift; sourceTree = "<group>"; };
		D7242B521AD95F040015BA96 /* NSURL+TrailingSlash.swift */ = {isa = PBXFileReference; fileEncoding = 4; lastKnownFileType = sourcecode.swift; path = "NSURL+TrailingSlash.swift"; sourceTree = "<group>"; };
		D72A4F291B03CCB100B571EB /* ReactiveCocoa.framework */ = {isa = PBXFileReference; lastKnownFileType = wrapper.framework; path = ReactiveCocoa.framework; sourceTree = "<group>"; };
		D72A4F2D1B03D5CB00B571EB /* Box.framework */ = {isa = PBXFileReference; lastKnownFileType = wrapper.framework; path = Box.framework; sourceTree = "<group>"; };
		D72A4F2F1B03D5CB00B571EB /* Result.framework */ = {isa = PBXFileReference; lastKnownFileType = wrapper.framework; path = Result.framework; sourceTree = "<group>"; };
		D72A4F341B03EF3800B571EB /* AVFoundation.framework */ = {isa = PBXFileReference; lastKnownFileType = wrapper.framework; name = AVFoundation.framework; path = System/Library/Frameworks/AVFoundation.framework; sourceTree = SDKROOT; };
		D72CEECC1AF4FCA800D86C38 /* SocketIOPayload.swift */ = {isa = PBXFileReference; fileEncoding = 4; lastKnownFileType = sourcecode.swift; path = SocketIOPayload.swift; sourceTree = "<group>"; };
		D72CEECE1AF5059100D86C38 /* SocketIOJSON.swift */ = {isa = PBXFileReference; fileEncoding = 4; lastKnownFileType = sourcecode.swift; path = SocketIOJSON.swift; sourceTree = "<group>"; };
		D72CEED01AF5163C00D86C38 /* SocketIOJSONHandshake.swift */ = {isa = PBXFileReference; fileEncoding = 4; lastKnownFileType = sourcecode.swift; path = SocketIOJSONHandshake.swift; sourceTree = "<group>"; };
		D74484371B1FF35C00E64B39 /* Slider.storyboard */ = {isa = PBXFileReference; fileEncoding = 4; lastKnownFileType = file.storyboard; path = Slider.storyboard; sourceTree = "<group>"; };
		D74484401B204C3F00E64B39 /* TicketsViewController.swift */ = {isa = PBXFileReference; fileEncoding = 4; lastKnownFileType = sourcecode.swift; path = TicketsViewController.swift; sourceTree = "<group>"; };
		D74484421B204C4A00E64B39 /* StatusViewController.swift */ = {isa = PBXFileReference; fileEncoding = 4; lastKnownFileType = sourcecode.swift; path = StatusViewController.swift; sourceTree = "<group>"; };
		D74846321AD45F10005836F9 /* SocketIOTests.swift */ = {isa = PBXFileReference; fileEncoding = 4; lastKnownFileType = sourcecode.swift; path = SocketIOTests.swift; sourceTree = "<group>"; };
		D74CDE241AFB9A18006CF7FE /* SocketIOReceiver.swift */ = {isa = PBXFileReference; fileEncoding = 4; lastKnownFileType = sourcecode.swift; path = SocketIOReceiver.swift; sourceTree = "<group>"; };
		D769DA281B02A68B00606FB4 /* SocketIOObject.swift */ = {isa = PBXFileReference; fileEncoding = 4; lastKnownFileType = sourcecode.swift; path = SocketIOObject.swift; sourceTree = "<group>"; };
		D7904CAF1B15C01F00FF50D1 /* SocketIOUtilities.swift */ = {isa = PBXFileReference; fileEncoding = 4; lastKnownFileType = sourcecode.swift; path = SocketIOUtilities.swift; sourceTree = "<group>"; };
		D7904CB11B15C02C00FF50D1 /* Security.swift */ = {isa = PBXFileReference; fileEncoding = 4; lastKnownFileType = sourcecode.swift; path = Security.swift; sourceTree = "<group>"; };
		D7949EFF1B0891E1001F84F8 /* SocketIONamespace.swift */ = {isa = PBXFileReference; fileEncoding = 4; lastKnownFileType = sourcecode.swift; path = SocketIONamespace.swift; sourceTree = "<group>"; };
		D7953FFF1ACDB4B50031354F /* Smartime.app */ = {isa = PBXFileReference; explicitFileType = wrapper.application; includeInIndex = 0; path = Smartime.app; sourceTree = BUILT_PRODUCTS_DIR; };
		D79540031ACDB4B50031354F /* Info.plist */ = {isa = PBXFileReference; lastKnownFileType = text.plist.xml; path = Info.plist; sourceTree = "<group>"; };
		D79540041ACDB4B50031354F /* AppDelegate.swift */ = {isa = PBXFileReference; lastKnownFileType = sourcecode.swift; path = AppDelegate.swift; sourceTree = "<group>"; };
		D795400B1ACDB4B50031354F /* Images.xcassets */ = {isa = PBXFileReference; lastKnownFileType = folder.assetcatalog; path = Images.xcassets; sourceTree = "<group>"; };
		D79540141ACDB4B50031354F /* SmartimeTests.xctest */ = {isa = PBXFileReference; explicitFileType = wrapper.cfbundle; includeInIndex = 0; path = SmartimeTests.xctest; sourceTree = BUILT_PRODUCTS_DIR; };
		D79540191ACDB4B50031354F /* Info.plist */ = {isa = PBXFileReference; lastKnownFileType = text.plist.xml; path = Info.plist; sourceTree = "<group>"; };
		D795401A1ACDB4B50031354F /* SmartimeTests.swift */ = {isa = PBXFileReference; lastKnownFileType = sourcecode.swift; path = SmartimeTests.swift; sourceTree = "<group>"; };
		D79540241ACDB74E0031354F /* AppSettings.swift */ = {isa = PBXFileReference; fileEncoding = 4; lastKnownFileType = sourcecode.swift; path = AppSettings.swift; sourceTree = "<group>"; };
		D79540261ACDB9EF0031354F /* MainViewController.swift */ = {isa = PBXFileReference; fileEncoding = 4; lastKnownFileType = sourcecode.swift; path = MainViewController.swift; sourceTree = "<group>"; };
		D79540431ACDC3640031354F /* SocketIO.swift */ = {isa = PBXFileReference; fileEncoding = 4; lastKnownFileType = sourcecode.swift; path = SocketIO.swift; sourceTree = "<group>"; };
		D79540441ACDC3640031354F /* SocketIOCallback.swift */ = {isa = PBXFileReference; fileEncoding = 4; lastKnownFileType = sourcecode.swift; path = SocketIOCallback.swift; sourceTree = "<group>"; };
		D79540451ACDC3640031354F /* SocketIOConnection.swift */ = {isa = PBXFileReference; fileEncoding = 4; lastKnownFileType = sourcecode.swift; path = SocketIOConnection.swift; sourceTree = "<group>"; };
		D79540461ACDC3640031354F /* SocketIOEventHandler.swift */ = {isa = PBXFileReference; fileEncoding = 4; lastKnownFileType = sourcecode.swift; path = SocketIOEventHandler.swift; sourceTree = "<group>"; };
		D79540471ACDC3640031354F /* SocketIOHandshake.swift */ = {isa = PBXFileReference; fileEncoding = 4; lastKnownFileType = sourcecode.swift; path = SocketIOHandshake.swift; sourceTree = "<group>"; };
		D79540481ACDC3640031354F /* SocketIOOptions.swift */ = {isa = PBXFileReference; fileEncoding = 4; lastKnownFileType = sourcecode.swift; path = SocketIOOptions.swift; sourceTree = "<group>"; };
		D79540491ACDC3640031354F /* SocketIOPacket.swift */ = {isa = PBXFileReference; fileEncoding = 4; lastKnownFileType = sourcecode.swift; path = SocketIOPacket.swift; sourceTree = "<group>"; };
		D795404B1ACDC3640031354F /* SocketIOTransport.swift */ = {isa = PBXFileReference; fileEncoding = 4; lastKnownFileType = sourcecode.swift; path = SocketIOTransport.swift; sourceTree = "<group>"; };
		D795404C1ACDC3640031354F /* SocketIOTransportDelegate.swift */ = {isa = PBXFileReference; fileEncoding = 4; lastKnownFileType = sourcecode.swift; path = SocketIOTransportDelegate.swift; sourceTree = "<group>"; };
		D795404D1ACDC3640031354F /* SocketIOWebSocket.swift */ = {isa = PBXFileReference; fileEncoding = 4; lastKnownFileType = sourcecode.swift; path = SocketIOWebSocket.swift; sourceTree = "<group>"; };
		D7A8540B1AF6258B0043AC4E /* SocketIOError.swift */ = {isa = PBXFileReference; fileEncoding = 4; lastKnownFileType = sourcecode.swift; path = SocketIOError.swift; sourceTree = "<group>"; };
		D7B63B261AD6BA8100C06BD8 /* LumaJSON.swift */ = {isa = PBXFileReference; fileEncoding = 4; lastKnownFileType = sourcecode.swift; path = LumaJSON.swift; sourceTree = "<group>"; };
		D7B63B271AD6BA8100C06BD8 /* WebSocket.swift */ = {isa = PBXFileReference; fileEncoding = 4; lastKnownFileType = sourcecode.swift; path = WebSocket.swift; sourceTree = "<group>"; };
		D7C604A61AE56241004342CE /* SocketIOEmitter.swift */ = {isa = PBXFileReference; fileEncoding = 4; lastKnownFileType = sourcecode.swift; path = SocketIOEmitter.swift; sourceTree = "<group>"; };
		D7EFA9081AFE766D00623A16 /* FLXView.framework */ = {isa = PBXFileReference; lastKnownFileType = wrapper.framework; path = FLXView.framework; sourceTree = "<group>"; };
		D7F9063E1B20AF0700C96D7E /* TicketViewCell.swift */ = {isa = PBXFileReference; fileEncoding = 4; lastKnownFileType = sourcecode.swift; path = TicketViewCell.swift; sourceTree = "<group>"; };
		D7F9063F1B20AF0700C96D7E /* TicketViewCell.xib */ = {isa = PBXFileReference; fileEncoding = 4; lastKnownFileType = file.xib; path = TicketViewCell.xib; sourceTree = "<group>"; };
		D7F906421B20BC4A00C96D7E /* UIColor+Hex.swift */ = {isa = PBXFileReference; fileEncoding = 4; lastKnownFileType = sourcecode.swift; path = "UIColor+Hex.swift"; sourceTree = "<group>"; };
		D7FDABF91B1F0D8000E8BF2F /* PageViewController.swift */ = {isa = PBXFileReference; fileEncoding = 4; lastKnownFileType = sourcecode.swift; path = PageViewController.swift; sourceTree = "<group>"; };
		D7FDABFA1B1F0D8000E8BF2F /* SlideViewController.swift */ = {isa = PBXFileReference; fileEncoding = 4; lastKnownFileType = sourcecode.swift; path = SlideViewController.swift; sourceTree = "<group>"; };
/* End PBXFileReference section */

/* Begin PBXFrameworksBuildPhase section */
		D7953FFC1ACDB4B50031354F /* Frameworks */ = {
			isa = PBXFrameworksBuildPhase;
			buildActionMask = 2147483647;
			files = (
				D7EFA9091AFE766D00623A16 /* FLXView.framework in Frameworks */,
				D72A4F301B03D5CB00B571EB /* Box.framework in Frameworks */,
				D72A4F2A1B03CCB100B571EB /* ReactiveCocoa.framework in Frameworks */,
				D72A4F311B03D5CB00B571EB /* Result.framework in Frameworks */,
				41DF314FC830DC420A089E06 /* Pods.framework in Frameworks */,
			);
			runOnlyForDeploymentPostprocessing = 0;
		};
		D79540111ACDB4B50031354F /* Frameworks */ = {
			isa = PBXFrameworksBuildPhase;
			buildActionMask = 2147483647;
			files = (
			);
			runOnlyForDeploymentPostprocessing = 0;
		};
/* End PBXFrameworksBuildPhase section */

/* Begin PBXGroup section */
		698A2C8A60E8BFD95BFE0B4E /* Frameworks */ = {
			isa = PBXGroup;
			children = (
				D72A4F341B03EF3800B571EB /* AVFoundation.framework */,
				49170C4ED90C3D4636821898 /* Pods.framework */,
			);
			name = Frameworks;
			sourceTree = "<group>";
		};
		D7242B511AD95F040015BA96 /* Extensions */ = {
			isa = PBXGroup;
			children = (
				D7242B521AD95F040015BA96 /* NSURL+TrailingSlash.swift */,
			);
			path = Extensions;
			sourceTree = "<group>";
		};
		D72A4F281B03CCB100B571EB /* ReactiveCocoa */ = {
			isa = PBXGroup;
			children = (
				D72A4F291B03CCB100B571EB /* ReactiveCocoa.framework */,
			);
			name = ReactiveCocoa;
			path = Components/ReactiveCocoa;
			sourceTree = "<group>";
		};
		D72A4F2C1B03D5CB00B571EB /* Box */ = {
			isa = PBXGroup;
			children = (
				D72A4F2D1B03D5CB00B571EB /* Box.framework */,
			);
			name = Box;
			path = Components/Box;
			sourceTree = "<group>";
		};
		D72A4F2E1B03D5CB00B571EB /* Result */ = {
			isa = PBXGroup;
			children = (
				D72A4F2F1B03D5CB00B571EB /* Result.framework */,
			);
			name = Result;
			path = Components/Result;
			sourceTree = "<group>";
		};
		D7953FF61ACDB4B40031354F = {
			isa = PBXGroup;
			children = (
				D79540011ACDB4B50031354F /* Smartime */,
				D79540171ACDB4B50031354F /* SmartimeTests */,
				D79540001ACDB4B50031354F /* Products */,
				D79540411ACDC3420031354F /* Components */,
				EC565A182D256EF5B80B883F /* Pods */,
				698A2C8A60E8BFD95BFE0B4E /* Frameworks */,
			);
			sourceTree = "<group>";
		};
		D79540001ACDB4B50031354F /* Products */ = {
			isa = PBXGroup;
			children = (
				D7953FFF1ACDB4B50031354F /* Smartime.app */,
				D79540141ACDB4B50031354F /* SmartimeTests.xctest */,
			);
			name = Products;
			sourceTree = "<group>";
		};
		D79540011ACDB4B50031354F /* Smartime */ = {
			isa = PBXGroup;
			children = (
				D79540041ACDB4B50031354F /* AppDelegate.swift */,
				D79540241ACDB74E0031354F /* AppSettings.swift */,
				D7FDABF91B1F0D8000E8BF2F /* PageViewController.swift */,
				D7FDABFA1B1F0D8000E8BF2F /* SlideViewController.swift */,
				D79540261ACDB9EF0031354F /* MainViewController.swift */,
				D74484401B204C3F00E64B39 /* TicketsViewController.swift */,
				D7F9063E1B20AF0700C96D7E /* TicketViewCell.swift */,
				D7F9063F1B20AF0700C96D7E /* TicketViewCell.xib */,
				D74484421B204C4A00E64B39 /* StatusViewController.swift */,
				D74484371B1FF35C00E64B39 /* Slider.storyboard */,
				D7F906421B20BC4A00C96D7E /* UIColor+Hex.swift */,
				D795400B1ACDB4B50031354F /* Images.xcassets */,
				D79540021ACDB4B50031354F /* Supporting Files */,
			);
			path = Smartime;
			sourceTree = "<group>";
		};
		D79540021ACDB4B50031354F /* Supporting Files */ = {
			isa = PBXGroup;
			children = (
				D79540031ACDB4B50031354F /* Info.plist */,
			);
			name = "Supporting Files";
			sourceTree = "<group>";
		};
		D79540171ACDB4B50031354F /* SmartimeTests */ = {
			isa = PBXGroup;
			children = (
				D795401A1ACDB4B50031354F /* SmartimeTests.swift */,
				D74846321AD45F10005836F9 /* SocketIOTests.swift */,
				D79540181ACDB4B50031354F /* Supporting Files */,
			);
			path = SmartimeTests;
			sourceTree = "<group>";
		};
		D79540181ACDB4B50031354F /* Supporting Files */ = {
			isa = PBXGroup;
			children = (
				D79540191ACDB4B50031354F /* Info.plist */,
			);
			name = "Supporting Files";
			sourceTree = "<group>";
		};
		D79540411ACDC3420031354F /* Components */ = {
			isa = PBXGroup;
			children = (
				D7EFA9071AFE766D00623A16 /* FLXView */,
				D72A4F281B03CCB100B571EB /* ReactiveCocoa */,
				D72A4F2C1B03D5CB00B571EB /* Box */,
				D72A4F2E1B03D5CB00B571EB /* Result */,
				D79540421ACDC3640031354F /* SocketIO-Kit */,
			);
			name = Components;
			sourceTree = "<group>";
		};
		D79540421ACDC3640031354F /* SocketIO-Kit */ = {
			isa = PBXGroup;
			children = (
				D79540431ACDC3640031354F /* SocketIO.swift */,
				D79540441ACDC3640031354F /* SocketIOCallback.swift */,
				D79540451ACDC3640031354F /* SocketIOConnection.swift */,
				D7242B4F1AD8A3D40015BA96 /* SocketIORequester.swift */,
				D7C604A61AE56241004342CE /* SocketIOEmitter.swift */,
				D74CDE241AFB9A18006CF7FE /* SocketIOReceiver.swift */,
				D7242B4B1AD825F00015BA96 /* SocketIOEvent.swift */,
				D79540461ACDC3640031354F /* SocketIOEventHandler.swift */,
				D79540471ACDC3640031354F /* SocketIOHandshake.swift */,
				D79540481ACDC3640031354F /* SocketIOOptions.swift */,
				D72CEECC1AF4FCA800D86C38 /* SocketIOPayload.swift */,
				D79540491ACDC3640031354F /* SocketIOPacket.swift */,
				D7949EFF1B0891E1001F84F8 /* SocketIONamespace.swift */,
				D795404B1ACDC3640031354F /* SocketIOTransport.swift */,
				D795404C1ACDC3640031354F /* SocketIOTransportDelegate.swift */,
				D795404D1ACDC3640031354F /* SocketIOWebSocket.swift */,
				D72CEECE1AF5059100D86C38 /* SocketIOJSON.swift */,
				D72CEED01AF5163C00D86C38 /* SocketIOJSONHandshake.swift */,
				D769DA281B02A68B00606FB4 /* SocketIOObject.swift */,
				D7A8540B1AF6258B0043AC4E /* SocketIOError.swift */,
				D7904CAF1B15C01F00FF50D1 /* SocketIOUtilities.swift */,
				D7242B511AD95F040015BA96 /* Extensions */,
				D7B63B251AD6BA8100C06BD8 /* External */,
			);
			name = "SocketIO-Kit";
			path = "Components/SocketIO-Kit/Source";
			sourceTree = "<group>";
		};
		D7B63B251AD6BA8100C06BD8 /* External */ = {
			isa = PBXGroup;
			children = (
				D7B63B261AD6BA8100C06BD8 /* LumaJSON.swift */,
				D7904CB11B15C02C00FF50D1 /* Security.swift */,
				D7B63B271AD6BA8100C06BD8 /* WebSocket.swift */,
			);
			path = External;
			sourceTree = "<group>";
		};
		D7EFA9071AFE766D00623A16 /* FLXView */ = {
			isa = PBXGroup;
			children = (
				D7EFA9081AFE766D00623A16 /* FLXView.framework */,
			);
			name = FLXView;
			path = Components/FLXView;
			sourceTree = "<group>";
		};
		EC565A182D256EF5B80B883F /* Pods */ = {
			isa = PBXGroup;
			children = (
				76771A09F1A25955CE67F59B /* Pods.debug.xcconfig */,
				D2257D97EC160B10468A01A6 /* Pods.release.xcconfig */,
			);
			name = Pods;
			sourceTree = "<group>";
		};
/* End PBXGroup section */

/* Begin PBXNativeTarget section */
		D7953FFE1ACDB4B50031354F /* Smartime */ = {
			isa = PBXNativeTarget;
			buildConfigurationList = D795401E1ACDB4B50031354F /* Build configuration list for PBXNativeTarget "Smartime" */;
			buildPhases = (
				69ACF78A15299EBE69318FF2 /* Check Pods Manifest.lock */,
				D7953FFB1ACDB4B50031354F /* Sources */,
				D7953FFC1ACDB4B50031354F /* Frameworks */,
				D7953FFD1ACDB4B50031354F /* Resources */,
				D7EFA90A1AFE794C00623A16 /* CopyFiles */,
				AFCDF03FF0AB7BCF5AA67FD7 /* Embed Pods Frameworks */,
				7E0CAF8A916AA24B9180505C /* Copy Pods Resources */,
			);
			buildRules = (
			);
			dependencies = (
			);
			name = Smartime;
			productName = Smartime;
			productReference = D7953FFF1ACDB4B50031354F /* Smartime.app */;
			productType = "com.apple.product-type.application";
		};
		D79540131ACDB4B50031354F /* SmartimeTests */ = {
			isa = PBXNativeTarget;
			buildConfigurationList = D79540211ACDB4B50031354F /* Build configuration list for PBXNativeTarget "SmartimeTests" */;
			buildPhases = (
				D79540101ACDB4B50031354F /* Sources */,
				D79540111ACDB4B50031354F /* Frameworks */,
				D79540121ACDB4B50031354F /* Resources */,
			);
			buildRules = (
			);
			dependencies = (
				D79540161ACDB4B50031354F /* PBXTargetDependency */,
			);
			name = SmartimeTests;
			productName = SmartimeTests;
			productReference = D79540141ACDB4B50031354F /* SmartimeTests.xctest */;
			productType = "com.apple.product-type.bundle.unit-test";
		};
/* End PBXNativeTarget section */

/* Begin PBXProject section */
		D7953FF71ACDB4B40031354F /* Project object */ = {
			isa = PBXProject;
			attributes = {
				LastUpgradeCheck = 0630;
				ORGANIZATIONNAME = "Ricardo Pereira";
				TargetAttributes = {
					D7953FFE1ACDB4B50031354F = {
						CreatedOnToolsVersion = 6.3;
					};
					D79540131ACDB4B50031354F = {
						CreatedOnToolsVersion = 6.3;
						TestTargetID = D7953FFE1ACDB4B50031354F;
					};
				};
			};
			buildConfigurationList = D7953FFA1ACDB4B40031354F /* Build configuration list for PBXProject "Smartime" */;
			compatibilityVersion = "Xcode 3.2";
			developmentRegion = English;
			hasScannedForEncodings = 0;
			knownRegions = (
				en,
				Base,
			);
			mainGroup = D7953FF61ACDB4B40031354F;
			productRefGroup = D79540001ACDB4B50031354F /* Products */;
			projectDirPath = "";
			projectRoot = "";
			targets = (
				D7953FFE1ACDB4B50031354F /* Smartime */,
				D79540131ACDB4B50031354F /* SmartimeTests */,
			);
		};
/* End PBXProject section */

/* Begin PBXResourcesBuildPhase section */
		D7953FFD1ACDB4B50031354F /* Resources */ = {
			isa = PBXResourcesBuildPhase;
			buildActionMask = 2147483647;
			files = (
				D795400C1ACDB4B50031354F /* Images.xcassets in Resources */,
				D7F906411B20AF0700C96D7E /* TicketViewCell.xib in Resources */,
				D74484381B1FF35C00E64B39 /* Slider.storyboard in Resources */,
			);
			runOnlyForDeploymentPostprocessing = 0;
		};
		D79540121ACDB4B50031354F /* Resources */ = {
			isa = PBXResourcesBuildPhase;
			buildActionMask = 2147483647;
			files = (
			);
			runOnlyForDeploymentPostprocessing = 0;
		};
/* End PBXResourcesBuildPhase section */

/* Begin PBXShellScriptBuildPhase section */
		69ACF78A15299EBE69318FF2 /* Check Pods Manifest.lock */ = {
			isa = PBXShellScriptBuildPhase;
			buildActionMask = 2147483647;
			files = (
			);
			inputPaths = (
			);
			name = "Check Pods Manifest.lock";
			outputPaths = (
			);
			runOnlyForDeploymentPostprocessing = 0;
			shellPath = /bin/sh;
			shellScript = "diff \"${PODS_ROOT}/../Podfile.lock\" \"${PODS_ROOT}/Manifest.lock\" > /dev/null\nif [[ $? != 0 ]] ; then\n    cat << EOM\nerror: The sandbox is not in sync with the Podfile.lock. Run 'pod install' or update your CocoaPods installation.\nEOM\n    exit 1\nfi\n";
			showEnvVarsInLog = 0;
		};
		7E0CAF8A916AA24B9180505C /* Copy Pods Resources */ = {
			isa = PBXShellScriptBuildPhase;
			buildActionMask = 2147483647;
			files = (
			);
			inputPaths = (
			);
			name = "Copy Pods Resources";
			outputPaths = (
			);
			runOnlyForDeploymentPostprocessing = 0;
			shellPath = /bin/sh;
			shellScript = "\"${SRCROOT}/Pods/Target Support Files/Pods/Pods-resources.sh\"\n";
			showEnvVarsInLog = 0;
		};
		AFCDF03FF0AB7BCF5AA67FD7 /* Embed Pods Frameworks */ = {
			isa = PBXShellScriptBuildPhase;
			buildActionMask = 2147483647;
			files = (
			);
			inputPaths = (
			);
			name = "Embed Pods Frameworks";
			outputPaths = (
			);
			runOnlyForDeploymentPostprocessing = 0;
			shellPath = /bin/sh;
			shellScript = "\"${SRCROOT}/Pods/Target Support Files/Pods/Pods-frameworks.sh\"\n";
			showEnvVarsInLog = 0;
		};
/* End PBXShellScriptBuildPhase section */

/* Begin PBXSourcesBuildPhase section */
		D7953FFB1ACDB4B50031354F /* Sources */ = {
			isa = PBXSourcesBuildPhase;
			buildActionMask = 2147483647;
			files = (
				D79540561ACDC3640031354F /* SocketIOTransport.swift in Sources */,
				D7A8540C1AF6258B0043AC4E /* SocketIOError.swift in Sources */,
				D79540531ACDC3640031354F /* SocketIOOptions.swift in Sources */,
				D7904CB01B15C01F00FF50D1 /* SocketIOUtilities.swift in Sources */,
				D7904CB21B15C02C00FF50D1 /* Security.swift in Sources */,
				D7B63B281AD6BA8100C06BD8 /* LumaJSON.swift in Sources */,
				D7B63B291AD6BA8100C06BD8 /* WebSocket.swift in Sources */,
				D79540281ACDB9F00031354F /* MainViewController.swift in Sources */,
				D79540541ACDC3640031354F /* SocketIOPacket.swift in Sources */,
				D72CEED11AF5163C00D86C38 /* SocketIOJSONHandshake.swift in Sources */,
				D79540251ACDB74E0031354F /* AppSettings.swift in Sources */,
				D7242B501AD8A3D40015BA96 /* SocketIORequester.swift in Sources */,
				D79540521ACDC3640031354F /* SocketIOHandshake.swift in Sources */,
				D7242B531AD95F040015BA96 /* NSURL+TrailingSlash.swift in Sources */,
				D79540501ACDC3640031354F /* SocketIOConnection.swift in Sources */,
				D79540511ACDC3640031354F /* SocketIOEventHandler.swift in Sources */,
				D79540581ACDC3640031354F /* SocketIOWebSocket.swift in Sources */,
				D7242B4C1AD825F00015BA96 /* SocketIOEvent.swift in Sources */,
				D795404F1ACDC3640031354F /* SocketIOCallback.swift in Sources */,
				D769DA291B02A68B00606FB4 /* SocketIOObject.swift in Sources */,
				D74CDE251AFB9A18006CF7FE /* SocketIOReceiver.swift in Sources */,
				D7F906431B20BC4A00C96D7E /* UIColor+Hex.swift in Sources */,
				D74484411B204C3F00E64B39 /* TicketsViewController.swift in Sources */,
				D795404E1ACDC3640031354F /* SocketIO.swift in Sources */,
				D7FDABFB1B1F0D8000E8BF2F /* PageViewController.swift in Sources */,
				D74484431B204C4A00E64B39 /* StatusViewController.swift in Sources */,
				D7C604A71AE56241004342CE /* SocketIOEmitter.swift in Sources */,
				D79540571ACDC3640031354F /* SocketIOTransportDelegate.swift in Sources */,
				D79540051ACDB4B50031354F /* AppDelegate.swift in Sources */,
				D7F906401B20AF0700C96D7E /* TicketViewCell.swift in Sources */,
				D7FDABFC1B1F0D8000E8BF2F /* SlideViewController.swift in Sources */,
				D72CEECF1AF5059100D86C38 /* SocketIOJSON.swift in Sources */,
				D7949F001B0891E1001F84F8 /* SocketIONamespace.swift in Sources */,
				D72CEECD1AF4FCA800D86C38 /* SocketIOPayload.swift in Sources */,
			);
			runOnlyForDeploymentPostprocessing = 0;
		};
		D79540101ACDB4B50031354F /* Sources */ = {
			isa = PBXSourcesBuildPhase;
			buildActionMask = 2147483647;
			files = (
				D74846331AD45F10005836F9 /* SocketIOTests.swift in Sources */,
				D795401B1ACDB4B50031354F /* SmartimeTests.swift in Sources */,
			);
			runOnlyForDeploymentPostprocessing = 0;
		};
/* End PBXSourcesBuildPhase section */

/* Begin PBXTargetDependency section */
		D79540161ACDB4B50031354F /* PBXTargetDependency */ = {
			isa = PBXTargetDependency;
			target = D7953FFE1ACDB4B50031354F /* Smartime */;
			targetProxy = D79540151ACDB4B50031354F /* PBXContainerItemProxy */;
		};
/* End PBXTargetDependency section */

/* Begin XCBuildConfiguration section */
		D795401C1ACDB4B50031354F /* Debug */ = {
			isa = XCBuildConfiguration;
			buildSettings = {
				ALWAYS_SEARCH_USER_PATHS = NO;
				CLANG_CXX_LANGUAGE_STANDARD = "gnu++0x";
				CLANG_CXX_LIBRARY = "libc++";
				CLANG_ENABLE_MODULES = YES;
				CLANG_ENABLE_OBJC_ARC = YES;
				CLANG_WARN_BOOL_CONVERSION = YES;
				CLANG_WARN_CONSTANT_CONVERSION = YES;
				CLANG_WARN_DIRECT_OBJC_ISA_USAGE = YES_ERROR;
				CLANG_WARN_EMPTY_BODY = YES;
				CLANG_WARN_ENUM_CONVERSION = YES;
				CLANG_WARN_INT_CONVERSION = YES;
				CLANG_WARN_OBJC_ROOT_CLASS = YES_ERROR;
				CLANG_WARN_UNREACHABLE_CODE = YES;
				CLANG_WARN__DUPLICATE_METHOD_MATCH = YES;
				"CODE_SIGN_IDENTITY[sdk=iphoneos*]" = "iPhone Developer";
				COPY_PHASE_STRIP = NO;
				DEBUG_INFORMATION_FORMAT = dwarf;
				ENABLE_STRICT_OBJC_MSGSEND = YES;
				GCC_C_LANGUAGE_STANDARD = gnu99;
				GCC_DYNAMIC_NO_PIC = NO;
				GCC_OPTIMIZATION_LEVEL = 0;
				GCC_PREPROCESSOR_DEFINITIONS = (
					"DEBUG=1",
					"$(inherited)",
				);
				GCC_SYMBOLS_PRIVATE_EXTERN = NO;
				GCC_WARN_64_TO_32_BIT_CONVERSION = YES;
				GCC_WARN_ABOUT_RETURN_TYPE = YES_ERROR;
				GCC_WARN_UNDECLARED_SELECTOR = YES;
				GCC_WARN_UNINITIALIZED_AUTOS = YES_AGGRESSIVE;
				GCC_WARN_UNUSED_FUNCTION = YES;
				GCC_WARN_UNUSED_VARIABLE = YES;
				IPHONEOS_DEPLOYMENT_TARGET = 8.3;
				MTL_ENABLE_DEBUG_INFO = YES;
				ONLY_ACTIVE_ARCH = YES;
				SDKROOT = iphoneos;
				SWIFT_OPTIMIZATION_LEVEL = "-Onone";
			};
			name = Debug;
		};
		D795401D1ACDB4B50031354F /* Release */ = {
			isa = XCBuildConfiguration;
			buildSettings = {
				ALWAYS_SEARCH_USER_PATHS = NO;
				CLANG_CXX_LANGUAGE_STANDARD = "gnu++0x";
				CLANG_CXX_LIBRARY = "libc++";
				CLANG_ENABLE_MODULES = YES;
				CLANG_ENABLE_OBJC_ARC = YES;
				CLANG_WARN_BOOL_CONVERSION = YES;
				CLANG_WARN_CONSTANT_CONVERSION = YES;
				CLANG_WARN_DIRECT_OBJC_ISA_USAGE = YES_ERROR;
				CLANG_WARN_EMPTY_BODY = YES;
				CLANG_WARN_ENUM_CONVERSION = YES;
				CLANG_WARN_INT_CONVERSION = YES;
				CLANG_WARN_OBJC_ROOT_CLASS = YES_ERROR;
				CLANG_WARN_UNREACHABLE_CODE = YES;
				CLANG_WARN__DUPLICATE_METHOD_MATCH = YES;
				"CODE_SIGN_IDENTITY[sdk=iphoneos*]" = "iPhone Developer";
				COPY_PHASE_STRIP = NO;
				DEBUG_INFORMATION_FORMAT = "dwarf-with-dsym";
				ENABLE_NS_ASSERTIONS = NO;
				ENABLE_STRICT_OBJC_MSGSEND = YES;
				GCC_C_LANGUAGE_STANDARD = gnu99;
				GCC_WARN_64_TO_32_BIT_CONVERSION = YES;
				GCC_WARN_ABOUT_RETURN_TYPE = YES_ERROR;
				GCC_WARN_UNDECLARED_SELECTOR = YES;
				GCC_WARN_UNINITIALIZED_AUTOS = YES_AGGRESSIVE;
				GCC_WARN_UNUSED_FUNCTION = YES;
				GCC_WARN_UNUSED_VARIABLE = YES;
				IPHONEOS_DEPLOYMENT_TARGET = 8.3;
				MTL_ENABLE_DEBUG_INFO = NO;
				SDKROOT = iphoneos;
				VALIDATE_PRODUCT = YES;
			};
			name = Release;
		};
		D795401F1ACDB4B50031354F /* Debug */ = {
			isa = XCBuildConfiguration;
			baseConfigurationReference = 76771A09F1A25955CE67F59B /* Pods.debug.xcconfig */;
			buildSettings = {
				ASSETCATALOG_COMPILER_APPICON_NAME = AppIcon;
				ASSETCATALOG_COMPILER_LAUNCHIMAGE_NAME = LaunchImage;
				FRAMEWORK_SEARCH_PATHS = (
					"$(inherited)",
					"$(PROJECT_DIR)/Components/FLXView",
					"$(PROJECT_DIR)/Components/ReactiveCocoa",
					"$(PROJECT_DIR)/Components/Box",
					"$(PROJECT_DIR)/Components/Result",
				);
				INFOPLIST_FILE = Smartime/Info.plist;
				LD_RUNPATH_SEARCH_PATHS = "$(inherited) @executable_path/Frameworks";
				"OTHER_SWIFT_FLAGS[arch=*]" = "-D DEBUG";
				PRODUCT_NAME = "$(TARGET_NAME)";
			};
			name = Debug;
		};
		D79540201ACDB4B50031354F /* Release */ = {
			isa = XCBuildConfiguration;
			baseConfigurationReference = D2257D97EC160B10468A01A6 /* Pods.release.xcconfig */;
			buildSettings = {
				ASSETCATALOG_COMPILER_APPICON_NAME = AppIcon;
				ASSETCATALOG_COMPILER_LAUNCHIMAGE_NAME = LaunchImage;
				FRAMEWORK_SEARCH_PATHS = (
					"$(inherited)",
					"$(PROJECT_DIR)/Components/FLXView",
					"$(PROJECT_DIR)/Components/ReactiveCocoa",
					"$(PROJECT_DIR)/Components/Box",
					"$(PROJECT_DIR)/Components/Result",
				);
				INFOPLIST_FILE = Smartime/Info.plist;
				LD_RUNPATH_SEARCH_PATHS = "$(inherited) @executable_path/Frameworks";
				PRODUCT_NAME = "$(TARGET_NAME)";
			};
			name = Release;
		};
		D79540221ACDB4B50031354F /* Debug */ = {
			isa = XCBuildConfiguration;
			buildSettings = {
				BUNDLE_LOADER = "$(TEST_HOST)";
				FRAMEWORK_SEARCH_PATHS = (
					"$(SDKROOT)/Developer/Library/Frameworks",
					"$(inherited)",
				);
				GCC_PREPROCESSOR_DEFINITIONS = (
					"DEBUG=1",
					"$(inherited)",
				);
				INFOPLIST_FILE = SmartimeTests/Info.plist;
				LD_RUNPATH_SEARCH_PATHS = "$(inherited) @executable_path/Frameworks @loader_path/Frameworks";
				PRODUCT_NAME = "$(TARGET_NAME)";
				TEST_HOST = "$(BUILT_PRODUCTS_DIR)/Smartime.app/Smartime";
			};
			name = Debug;
		};
		D79540231ACDB4B50031354F /* Release */ = {
			isa = XCBuildConfiguration;
			buildSettings = {
				BUNDLE_LOADER = "$(TEST_HOST)";
				FRAMEWORK_SEARCH_PATHS = (
					"$(SDKROOT)/Developer/Library/Frameworks",
					"$(inherited)",
				);
				INFOPLIST_FILE = SmartimeTests/Info.plist;
				LD_RUNPATH_SEARCH_PATHS = "$(inherited) @executable_path/Frameworks @loader_path/Frameworks";
				PRODUCT_NAME = "$(TARGET_NAME)";
				TEST_HOST = "$(BUILT_PRODUCTS_DIR)/Smartime.app/Smartime";
			};
			name = Release;
		};
/* End XCBuildConfiguration section */

/* Begin XCConfigurationList section */
		D7953FFA1ACDB4B40031354F /* Build configuration list for PBXProject "Smartime" */ = {
			isa = XCConfigurationList;
			buildConfigurations = (
				D795401C1ACDB4B50031354F /* Debug */,
				D795401D1ACDB4B50031354F /* Release */,
			);
			defaultConfigurationIsVisible = 0;
			defaultConfigurationName = Release;
		};
		D795401E1ACDB4B50031354F /* Build configuration list for PBXNativeTarget "Smartime" */ = {
			isa = XCConfigurationList;
			buildConfigurations = (
				D795401F1ACDB4B50031354F /* Debug */,
				D79540201ACDB4B50031354F /* Release */,
			);
			defaultConfigurationIsVisible = 0;
			defaultConfigurationName = Release;
		};
		D79540211ACDB4B50031354F /* Build configuration list for PBXNativeTarget "SmartimeTests" */ = {
			isa = XCConfigurationList;
			buildConfigurations = (
				D79540221ACDB4B50031354F /* Debug */,
				D79540231ACDB4B50031354F /* Release */,
			);
			defaultConfigurationIsVisible = 0;
			defaultConfigurationName = Release;
		};
/* End XCConfigurationList section */
	};
	rootObject = D7953FF71ACDB4B40031354F /* Project object */;
}
